
Microsoft Visual Studio Solution File, Format Version 12.00
# Visual Studio Version 17
VisualStudioVersion = 17.9.34622.214
MinimumVisualStudioVersion = 10.0.40219.1
Project("{FAE04EC0-301F-11D3-BF4B-00C04F79EFBC}") = "ExerciseBundle", "ExerciseBundle\ExerciseBundle.csproj", "{7E44FA89-B674-40F1-B092-5E57F225FC78}"
EndProject
Global
	GlobalSection(SolutionConfigurationPlatforms) = preSolution
		Debug|Any CPU = Debug|Any CPU
		Release|Any CPU = Release|Any CPU
	EndGlobalSection
	GlobalSection(ProjectConfigurationPlatforms) = postSolution
		{7E44FA89-B674-40F1-B092-5E57F225FC78}.Debug|Any CPU.ActiveCfg = Debug|Any CPU
		{7E44FA89-B674-40F1-B092-5E57F225FC78}.Debug|Any CPU.Build.0 = Debug|Any CPU
		{7E44FA89-B674-40F1-B092-5E57F225FC78}.Release|Any CPU.ActiveCfg = Release|Any CPU
		{7E44FA89-B674-40F1-B092-5E57F225FC78}.Release|Any CPU.Build.0 = Release|Any CPU
	EndGlobalSection
	GlobalSection(SolutionProperties) = preSolution
		HideSolutionNode = FALSE
	EndGlobalSection
	GlobalSection(ExtensibilityGlobals) = postSolution
		SolutionGuid = {861BB6B2-CF29-4F9D-8FE6-D4A6B5765986}
	EndGlobalSection
EndGlobal
